
Microsoft Visual Studio Solution File, Format Version 12.00
Project("{FAE04EC0-301F-11D3-BF4B-00C04F79EFBC}") = "VemCaProfWeb", "VemCaProfWeb\VemCaProfWeb.csproj", "{274125E8-5529-429A-B4BD-3B61C9B4E828}"
EndProject
Global
	GlobalSection(SolutionConfigurationPlatforms) = preSolution
		Debug|Any CPU = Debug|Any CPU
		Release|Any CPU = Release|Any CPU
	EndGlobalSection
	GlobalSection(ProjectConfigurationPlatforms) = postSolution
		{274125E8-5529-429A-B4BD-3B61C9B4E828}.Debug|Any CPU.ActiveCfg = Debug|Any CPU
		{274125E8-5529-429A-B4BD-3B61C9B4E828}.Debug|Any CPU.Build.0 = Debug|Any CPU
		{274125E8-5529-429A-B4BD-3B61C9B4E828}.Release|Any CPU.ActiveCfg = Release|Any CPU
		{274125E8-5529-429A-B4BD-3B61C9B4E828}.Release|Any CPU.Build.0 = Release|Any CPU
	EndGlobalSection
EndGlobal
